
Microsoft Visual Studio Solution File, Format Version 10.00
# Visual Studio 2008
Project("{FAE04EC0-301F-11D3-BF4B-00C04F79EFBC}") = "EpsonProjectorEpi", "src\EpsonProjectorEpi.csproj", "{32895000-C827-4C7C-9C62-9C9AA9323A11}"
EndProject
Global
	GlobalSection(SolutionConfigurationPlatforms) = preSolution
		Debug|Any CPU = Debug|Any CPU
		Release|Any CPU = Release|Any CPU
	EndGlobalSection
	GlobalSection(ProjectConfigurationPlatforms) = postSolution
		{32895000-C827-4C7C-9C62-9C9AA9323A11}.Debug|Any CPU.ActiveCfg = Debug|Any CPU
		{32895000-C827-4C7C-9C62-9C9AA9323A11}.Debug|Any CPU.Build.0 = Debug|Any CPU
		{32895000-C827-4C7C-9C62-9C9AA9323A11}.Release|Any CPU.ActiveCfg = Release|Any CPU
		{32895000-C827-4C7C-9C62-9C9AA9323A11}.Release|Any CPU.Build.0 = Release|Any CPU
	EndGlobalSection
	GlobalSection(SolutionProperties) = preSolution
		HideSolutionNode = FALSE
	EndGlobalSection
EndGlobal
