
Microsoft Visual Studio Solution File, Format Version 12.00
# Visual Studio Version 17
VisualStudioVersion = 17.4.33403.182
MinimumVisualStudioVersion = 10.0.40219.1
Project("{FAE04EC0-301F-11D3-BF4B-00C04F79EFBC}") = "epi-pjlink-v2.0", "epi-pjlink-v2.0.csproj", "{6596D82A-B739-4D29-90D9-9B2E30555CCF}"
EndProject
Global
	GlobalSection(SolutionConfigurationPlatforms) = preSolution
		Debug|Any CPU = Debug|Any CPU
		Release|Any CPU = Release|Any CPU
	EndGlobalSection
	GlobalSection(ProjectConfigurationPlatforms) = postSolution
		{6596D82A-B739-4D29-90D9-9B2E30555CCF}.Debug|Any CPU.ActiveCfg = Debug|Any CPU
		{6596D82A-B739-4D29-90D9-9B2E30555CCF}.Debug|Any CPU.Build.0 = Debug|Any CPU
		{6596D82A-B739-4D29-90D9-9B2E30555CCF}.Release|Any CPU.ActiveCfg = Release|Any CPU
		{6596D82A-B739-4D29-90D9-9B2E30555CCF}.Release|Any CPU.Build.0 = Release|Any CPU
	EndGlobalSection
	GlobalSection(SolutionProperties) = preSolution
		HideSolutionNode = FALSE
	EndGlobalSection
	GlobalSection(ExtensibilityGlobals) = postSolution
		SolutionGuid = {FA653323-7AD6-42F1-A640-2CFDB94D9EBC}
	EndGlobalSection
EndGlobal
